
Microsoft Visual Studio Solution File, Format Version 12.00
# Visual Studio Version 17
VisualStudioVersion = 17.1.32319.34
MinimumVisualStudioVersion = 10.0.40219.1
Project("{FAE04EC0-301F-11D3-BF4B-00C04F79EFBC}") = "PatronRepository", "PatronRepository\PatronRepository.csproj", "{1A7F6C91-51EE-4772-AEB5-FA7CA4E75904}"
EndProject
Project("{FAE04EC0-301F-11D3-BF4B-00C04F79EFBC}") = "Models", "Models\Models.csproj", "{91A7B94D-2055-4C11-A916-08F36E85337E}"
EndProject
Project("{FAE04EC0-301F-11D3-BF4B-00C04F79EFBC}") = "Repository", "Repository\Repository.csproj", "{AB710BBE-C95A-419E-B16C-F5941974CD7E}"
EndProject
Global
	GlobalSection(SolutionConfigurationPlatforms) = preSolution
		Debug|Any CPU = Debug|Any CPU
		Release|Any CPU = Release|Any CPU
	EndGlobalSection
	GlobalSection(ProjectConfigurationPlatforms) = postSolution
		{1A7F6C91-51EE-4772-AEB5-FA7CA4E75904}.Debug|Any CPU.ActiveCfg = Debug|Any CPU
		{1A7F6C91-51EE-4772-AEB5-FA7CA4E75904}.Debug|Any CPU.Build.0 = Debug|Any CPU
		{1A7F6C91-51EE-4772-AEB5-FA7CA4E75904}.Release|Any CPU.ActiveCfg = Release|Any CPU
		{1A7F6C91-51EE-4772-AEB5-FA7CA4E75904}.Release|Any CPU.Build.0 = Release|Any CPU
		{91A7B94D-2055-4C11-A916-08F36E85337E}.Debug|Any CPU.ActiveCfg = Debug|Any CPU
		{91A7B94D-2055-4C11-A916-08F36E85337E}.Debug|Any CPU.Build.0 = Debug|Any CPU
		{91A7B94D-2055-4C11-A916-08F36E85337E}.Release|Any CPU.ActiveCfg = Release|Any CPU
		{91A7B94D-2055-4C11-A916-08F36E85337E}.Release|Any CPU.Build.0 = Release|Any CPU
		{AB710BBE-C95A-419E-B16C-F5941974CD7E}.Debug|Any CPU.ActiveCfg = Debug|Any CPU
		{AB710BBE-C95A-419E-B16C-F5941974CD7E}.Debug|Any CPU.Build.0 = Debug|Any CPU
		{AB710BBE-C95A-419E-B16C-F5941974CD7E}.Release|Any CPU.ActiveCfg = Release|Any CPU
		{AB710BBE-C95A-419E-B16C-F5941974CD7E}.Release|Any CPU.Build.0 = Release|Any CPU
	EndGlobalSection
	GlobalSection(SolutionProperties) = preSolution
		HideSolutionNode = FALSE
	EndGlobalSection
	GlobalSection(ExtensibilityGlobals) = postSolution
		SolutionGuid = {56AC4A3F-D829-4733-A988-4245D514B28A}
	EndGlobalSection
EndGlobal
